<?xml version="1.0" encoding="UTF-8" standalone="yes" ?>
<CodeBlocks_project_file>
	<FileVersion major="1" minor="6" />
	<Project>
		<Option title="rPG" />
		<Option pch_mode="2" />
		<Option compiler="gcc" />
		<Build>
			<Target title="Debug">
				<Option output="bin/Debug/rPG" prefix_auto="1" extension_auto="1" />
				<Option object_output="obj/Debug/" />
				<Option type="1" />
				<Option compiler="gcc" />
				<Compiler>
					<Add option="-g" />
				</Compiler>
			</Target>
			<Target title="Release">
				<Option output="bin/Release/rPG" prefix_auto="1" extension_auto="1" />
				<Option object_output="obj/Release/" />
				<Option type="1" />
				<Option compiler="gcc" />
				<Compiler>
					<Add option="-O2" />
				</Compiler>
				<Linker>
					<Add option="-s" />
				</Linker>
			</Target>
		</Build>
		<Compiler>
			<Add option="-Wall" />
			<Add option="-fexceptions" />
		</Compiler>
		<Unit filename="../Berserker.cpp" />
		<Unit filename="../Berserker.h" />
		<Unit filename="../Blackwitch.cpp" />
		<Unit filename="../Blackwitch.h" />
		<Unit filename="../Cleric.cpp" />
		<Unit filename="../Cleric.h" />
		<Unit filename="../Inquisitor.cpp" />
		<Unit filename="../Inquisitor.h" />
		<Unit filename="../Makefile" />
		<Unit filename="../armour.cpp" />
		<Unit filename="../armour.h" />
		<Unit filename="../effect.h" />
		<Unit filename="../item.cpp" />
		<Unit filename="../item.h" />
		<Unit filename="../location.cpp" />
		<Unit filename="../location.h" />
		<Unit filename="../main.cpp" />
		<Unit filename="../occupier.cpp" />
		<Unit filename="../occupier.h" />
		<Unit filename="../rpgclass.cpp" />
		<Unit filename="../rpgclass.h" />
		<Unit filename="../weapon.cpp" />
		<Unit filename="../weapon.h" />
		<Unit filename="../world.cpp" />
		<Unit filename="../world.h" />
		<Unit filename="main.cpp" />
		<Extensions>
			<code_completion />
			<envvars />
			<debugger />
			<lib_finder disable_auto="1" />
		</Extensions>
	</Project>
</CodeBlocks_project_file>
